
Microsoft Visual Studio Solution File, Format Version 12.00
# Visual Studio 15
VisualStudioVersion = 15.0.28307.168
MinimumVisualStudioVersion = 10.0.40219.1
Project("{FAE04EC0-301F-11D3-BF4B-00C04F79EFBC}") = "NotifyJob - UI", "NotifyJob - UI\NotifyJob - UI.csproj", "{C19ADB96-3AD7-4FA9-AD31-1B27B7E396A7}"
EndProject
Global
	GlobalSection(SolutionConfigurationPlatforms) = preSolution
		Debug|Any CPU = Debug|Any CPU
		Release|Any CPU = Release|Any CPU
	EndGlobalSection
	GlobalSection(ProjectConfigurationPlatforms) = postSolution
		{C19ADB96-3AD7-4FA9-AD31-1B27B7E396A7}.Debug|Any CPU.ActiveCfg = Debug|Any CPU
		{C19ADB96-3AD7-4FA9-AD31-1B27B7E396A7}.Debug|Any CPU.Build.0 = Debug|Any CPU
		{C19ADB96-3AD7-4FA9-AD31-1B27B7E396A7}.Release|Any CPU.ActiveCfg = Release|Any CPU
		{C19ADB96-3AD7-4FA9-AD31-1B27B7E396A7}.Release|Any CPU.Build.0 = Release|Any CPU
	EndGlobalSection
	GlobalSection(SolutionProperties) = preSolution
		HideSolutionNode = FALSE
	EndGlobalSection
	GlobalSection(ExtensibilityGlobals) = postSolution
		SolutionGuid = {0174B6F2-1CA8-46BC-AB97-1FAD79B11ADA}
	EndGlobalSection
EndGlobal
